{
  "originHash" : "f777fec2b5f4727a5cd90633f0106df685a174df64d0003ddc725a1c0ea629da",
  "pins" : [
    {
      "identity" : "markdownui",
      "kind" : "remoteSourceControl",
      "location" : "https://github.com/apparata/MarkdownUI",
      "state" : {
        "revision" : "15f6da3007e992e930d73e277e4829f6785c1047",
        "version" : "0.9.1"
      }
    }
  ],
  "version" : 3
}
